
Microsoft Visual Studio Solution File, Format Version 12.00
# Visual Studio Version 16
VisualStudioVersion = 16.0.31019.35
MinimumVisualStudioVersion = 10.0.40219.1
Project("{FAE04EC0-301F-11D3-BF4B-00C04F79EFBC}") = "CollectionsDemoProject", "CollectionsDemoProject\CollectionsDemoProject.csproj", "{7A4405C4-06D7-40E2-9D87-70C8761B095F}"
EndProject
Global
	GlobalSection(SolutionConfigurationPlatforms) = preSolution
		Debug|Any CPU = Debug|Any CPU
		Release|Any CPU = Release|Any CPU
	EndGlobalSection
	GlobalSection(ProjectConfigurationPlatforms) = postSolution
		{7A4405C4-06D7-40E2-9D87-70C8761B095F}.Debug|Any CPU.ActiveCfg = Debug|Any CPU
		{7A4405C4-06D7-40E2-9D87-70C8761B095F}.Debug|Any CPU.Build.0 = Debug|Any CPU
		{7A4405C4-06D7-40E2-9D87-70C8761B095F}.Release|Any CPU.ActiveCfg = Release|Any CPU
		{7A4405C4-06D7-40E2-9D87-70C8761B095F}.Release|Any CPU.Build.0 = Release|Any CPU
	EndGlobalSection
	GlobalSection(SolutionProperties) = preSolution
		HideSolutionNode = FALSE
	EndGlobalSection
	GlobalSection(ExtensibilityGlobals) = postSolution
		SolutionGuid = {B7DFCA8E-8C4C-44A4-B926-2C7FF21FC6F0}
	EndGlobalSection
EndGlobal
